
Microsoft Visual Studio Solution File, Format Version 12.00
# Visual Studio Version 16
VisualStudioVersion = 16.0.31321.278
MinimumVisualStudioVersion = 10.0.40219.1
Project("{FAE04EC0-301F-11D3-BF4B-00C04F79EFBC}") = "WhileLoopThavi021", "WhileLoopThavi021\WhileLoopThavi021.csproj", "{DAB5D801-E4BB-4C82-85E3-07D33E8F6EDE}"
EndProject
Global
	GlobalSection(SolutionConfigurationPlatforms) = preSolution
		Debug|Any CPU = Debug|Any CPU
		Release|Any CPU = Release|Any CPU
	EndGlobalSection
	GlobalSection(ProjectConfigurationPlatforms) = postSolution
		{DAB5D801-E4BB-4C82-85E3-07D33E8F6EDE}.Debug|Any CPU.ActiveCfg = Debug|Any CPU
		{DAB5D801-E4BB-4C82-85E3-07D33E8F6EDE}.Debug|Any CPU.Build.0 = Debug|Any CPU
		{DAB5D801-E4BB-4C82-85E3-07D33E8F6EDE}.Release|Any CPU.ActiveCfg = Release|Any CPU
		{DAB5D801-E4BB-4C82-85E3-07D33E8F6EDE}.Release|Any CPU.Build.0 = Release|Any CPU
	EndGlobalSection
	GlobalSection(SolutionProperties) = preSolution
		HideSolutionNode = FALSE
	EndGlobalSection
	GlobalSection(ExtensibilityGlobals) = postSolution
		SolutionGuid = {78F2BE26-81BB-40F0-ABA3-D7E50BC1866B}
	EndGlobalSection
EndGlobal
